
Microsoft Visual Studio Solution File, Format Version 12.00
# Visual Studio 2013
VisualStudioVersion = 12.0.20617.1 PREVIEW
MinimumVisualStudioVersion = 10.0.40219.1
Project("{FAE04EC0-301F-11D3-BF4B-00C04F79EFBC}") = "ADevsLife.BingGoogle.Web", "ADevsLife.BingGoogle.Web\ADevsLife.BingGoogle.Web.csproj", "{1858802C-0D7A-4D10-BEB8-A848E3E59734}"
EndProject
Project("{FAE04EC0-301F-11D3-BF4B-00C04F79EFBC}") = "ADevsLife.BingGoogle.SearchAgent", "ADevsLife.BingGoogle.ServiceAgent\ADevsLife.BingGoogle.SearchAgent.csproj", "{BC30769A-6D93-4A83-9F5E-A9B11CA46C8B}"
EndProject
Global
	GlobalSection(SolutionConfigurationPlatforms) = preSolution
		Debug|Any CPU = Debug|Any CPU
		Release|Any CPU = Release|Any CPU
	EndGlobalSection
	GlobalSection(ProjectConfigurationPlatforms) = postSolution
		{1858802C-0D7A-4D10-BEB8-A848E3E59734}.Debug|Any CPU.ActiveCfg = Debug|Any CPU
		{1858802C-0D7A-4D10-BEB8-A848E3E59734}.Debug|Any CPU.Build.0 = Debug|Any CPU
		{1858802C-0D7A-4D10-BEB8-A848E3E59734}.Release|Any CPU.ActiveCfg = Release|Any CPU
		{1858802C-0D7A-4D10-BEB8-A848E3E59734}.Release|Any CPU.Build.0 = Release|Any CPU
		{BC30769A-6D93-4A83-9F5E-A9B11CA46C8B}.Debug|Any CPU.ActiveCfg = Debug|Any CPU
		{BC30769A-6D93-4A83-9F5E-A9B11CA46C8B}.Debug|Any CPU.Build.0 = Debug|Any CPU
		{BC30769A-6D93-4A83-9F5E-A9B11CA46C8B}.Release|Any CPU.ActiveCfg = Release|Any CPU
		{BC30769A-6D93-4A83-9F5E-A9B11CA46C8B}.Release|Any CPU.Build.0 = Release|Any CPU
	EndGlobalSection
	GlobalSection(SolutionProperties) = preSolution
		HideSolutionNode = FALSE
	EndGlobalSection
EndGlobal
